
Microsoft Visual Studio Solution File, Format Version 12.00
# Visual Studio Version 16
VisualStudioVersion = 16.0.30523.141
MinimumVisualStudioVersion = 10.0.40219.1
Project("{FAE04EC0-301F-11D3-BF4B-00C04F79EFBC}") = "NeptunoEFCore", "NeptunoEFCore.csproj", "{7EF05254-7B05-486B-970A-908E35DCF6FE}"
EndProject
Global
	GlobalSection(SolutionConfigurationPlatforms) = preSolution
		Debug|Any CPU = Debug|Any CPU
		Release|Any CPU = Release|Any CPU
	EndGlobalSection
	GlobalSection(ProjectConfigurationPlatforms) = postSolution
		{7EF05254-7B05-486B-970A-908E35DCF6FE}.Debug|Any CPU.ActiveCfg = Debug|Any CPU
		{7EF05254-7B05-486B-970A-908E35DCF6FE}.Debug|Any CPU.Build.0 = Debug|Any CPU
		{7EF05254-7B05-486B-970A-908E35DCF6FE}.Release|Any CPU.ActiveCfg = Release|Any CPU
		{7EF05254-7B05-486B-970A-908E35DCF6FE}.Release|Any CPU.Build.0 = Release|Any CPU
	EndGlobalSection
	GlobalSection(SolutionProperties) = preSolution
		HideSolutionNode = FALSE
	EndGlobalSection
	GlobalSection(ExtensibilityGlobals) = postSolution
		SolutionGuid = {082FEEA1-BA0F-4634-BCF8-DF5548541DE6}
	EndGlobalSection
EndGlobal
